// !$*UTF8*$!
{
	archiveVersion = 1;
	classes = {
	};
	objectVersion = 46;
	objects = {

/* Begin PBXBuildFile section */
		3768738C183446DF00DC0549 /* PSAutolayoutMessageCell.m in Sources */ = {isa = PBXBuildFile; fileRef = 3768738B183446DF00DC0549 /* PSAutolayoutMessageCell.m */; };
		3768738F18344C6800DC0549 /* default_avatar.png in Resources */ = {isa = PBXBuildFile; fileRef = 3768738D18344C6800DC0549 /* default_avatar.png */; };
		3768739018344C6800DC0549 /* default_avatar@2x.png in Resources */ = {isa = PBXBuildFile; fileRef = 3768738E18344C6800DC0549 /* default_avatar@2x.png */; };
		37E54410182F3583005AF568 /* Foundation.framework in Frameworks */ = {isa = PBXBuildFile; fileRef = 37E5440F182F3583005AF568 /* Foundation.framework */; };
		37E54412182F3583005AF568 /* CoreGraphics.framework in Frameworks */ = {isa = PBXBuildFile; fileRef = 37E54411182F3583005AF568 /* CoreGraphics.framework */; };
		37E54414182F3583005AF568 /* UIKit.framework in Frameworks */ = {isa = PBXBuildFile; fileRef = 37E54413182F3583005AF568 /* UIKit.framework */; };
		37E5441A182F3583005AF568 /* InfoPlist.strings in Resources */ = {isa = PBXBuildFile; fileRef = 37E54418182F3583005AF568 /* InfoPlist.strings */; };
		37E5441C182F3583005AF568 /* main.m in Sources */ = {isa = PBXBuildFile; fileRef = 37E5441B182F3583005AF568 /* main.m */; };
		37E54420182F3583005AF568 /* PSAppDelegate.m in Sources */ = {isa = PBXBuildFile; fileRef = 37E5441F182F3583005AF568 /* PSAppDelegate.m */; };
		37E54426182F3583005AF568 /* PSMasterViewController.m in Sources */ = {isa = PBXBuildFile; fileRef = 37E54425182F3583005AF568 /* PSMasterViewController.m */; };
		37E5442B182F3583005AF568 /* Images.xcassets in Resources */ = {isa = PBXBuildFile; fileRef = 37E5442A182F3583005AF568 /* Images.xcassets */; };
		37E54432182F3583005AF568 /* XCTest.framework in Frameworks */ = {isa = PBXBuildFile; fileRef = 37E54431182F3583005AF568 /* XCTest.framework */; };
		37E54433182F3583005AF568 /* Foundation.framework in Frameworks */ = {isa = PBXBuildFile; fileRef = 37E5440F182F3583005AF568 /* Foundation.framework */; };
		37E54434182F3583005AF568 /* UIKit.framework in Frameworks */ = {isa = PBXBuildFile; fileRef = 37E54413182F3583005AF568 /* UIKit.framework */; };
		37E5443C182F3583005AF568 /* InfoPlist.strings in Resources */ = {isa = PBXBuildFile; fileRef = 37E5443A182F3583005AF568 /* InfoPlist.strings */; };
		37E5443E182F3583005AF568 /* PSAutolayoutDemoTests.m in Sources */ = {isa = PBXBuildFile; fileRef = 37E5443D182F3583005AF568 /* PSAutolayoutDemoTests.m */; };
		37E5444B18315B1C005AF568 /* UIView+LayoutAdditions.m in Sources */ = {isa = PBXBuildFile; fileRef = 37E5444818315B1C005AF568 /* UIView+LayoutAdditions.m */; };
		37E5444C18315B1C005AF568 /* YMKeyboardLayoutHelperView.m in Sources */ = {isa = PBXBuildFile; fileRef = 37E5444A18315B1C005AF568 /* YMKeyboardLayoutHelperView.m */; };
		37E5444F183161E8005AF568 /* PSKeyboardDemoViewController.m in Sources */ = {isa = PBXBuildFile; fileRef = 37E5444E183161E7005AF568 /* PSKeyboardDemoViewController.m */; };
		37E5449618316E42005AF568 /* PSKeyboardDemoView.m in Sources */ = {isa = PBXBuildFile; fileRef = 37E5449518316E42005AF568 /* PSKeyboardDemoView.m */; };
		59A8DAB211AA4E45BB4E132C /* libPods.a in Frameworks */ = {isa = PBXBuildFile; fileRef = 24EC1F9272C647AAA0AB7C85 /* libPods.a */; };
/* End PBXBuildFile section */

/* Begin PBXContainerItemProxy section */
		37E54435182F3583005AF568 /* PBXContainerItemProxy */ = {
			isa = PBXContainerItemProxy;
			containerPortal = 37E54404182F3583005AF568 /* Project object */;
			proxyType = 1;
			remoteGlobalIDString = 37E5440B182F3583005AF568;
			remoteInfo = PSAutolayoutDemo;
		};
/* End PBXContainerItemProxy section */

/* Begin PBXFileReference section */
		24EC1F9272C647AAA0AB7C85 /* libPods.a */ = {isa = PBXFileReference; explicitFileType = archive.ar; includeInIndex = 0; path = libPods.a; sourceTree = BUILT_PRODUCTS_DIR; };
		3768738A183446DF00DC0549 /* PSAutolayoutMessageCell.h */ = {isa = PBXFileReference; fileEncoding = 4; lastKnownFileType = sourcecode.c.h; path = PSAutolayoutMessageCell.h; sourceTree = "<group>"; };
		3768738B183446DF00DC0549 /* PSAutolayoutMessageCell.m */ = {isa = PBXFileReference; fileEncoding = 4; lastKnownFileType = sourcecode.c.objc; path = PSAutolayoutMessageCell.m; sourceTree = "<group>"; };
		3768738D18344C6800DC0549 /* default_avatar.png */ = {isa = PBXFileReference; lastKnownFileType = image.png; name = default_avatar.png; path = Images/default_avatar.png; sourceTree = SOURCE_ROOT; };
		3768738E18344C6800DC0549 /* default_avatar@2x.png */ = {isa = PBXFileReference; lastKnownFileType = image.png; name = "default_avatar@2x.png"; path = "Images/default_avatar@2x.png"; sourceTree = SOURCE_ROOT; };
		37E5440C182F3583005AF568 /* PSAutolayoutDemo.app */ = {isa = PBXFileReference; explicitFileType = wrapper.application; includeInIndex = 0; path = PSAutolayoutDemo.app; sourceTree = BUILT_PRODUCTS_DIR; };
		37E5440F182F3583005AF568 /* Foundation.framework */ = {isa = PBXFileReference; lastKnownFileType = wrapper.framework; name = Foundation.framework; path = System/Library/Frameworks/Foundation.framework; sourceTree = SDKROOT; };
		37E54411182F3583005AF568 /* CoreGraphics.framework */ = {isa = PBXFileReference; lastKnownFileType = wrapper.framework; name = CoreGraphics.framework; path = System/Library/Frameworks/CoreGraphics.framework; sourceTree = SDKROOT; };
		37E54413182F3583005AF568 /* UIKit.framework */ = {isa = PBXFileReference; lastKnownFileType = wrapper.framework; name = UIKit.framework; path = System/Library/Frameworks/UIKit.framework; sourceTree = SDKROOT; };
		37E54417182F3583005AF568 /* PSAutolayoutDemo-Info.plist */ = {isa = PBXFileReference; lastKnownFileType = text.plist.xml; path = "PSAutolayoutDemo-Info.plist"; sourceTree = "<group>"; };
		37E54419182F3583005AF568 /* en */ = {isa = PBXFileReference; lastKnownFileType = text.plist.strings; name = en; path = en.lproj/InfoPlist.strings; sourceTree = "<group>"; };
		37E5441B182F3583005AF568 /* main.m */ = {isa = PBXFileReference; lastKnownFileType = sourcecode.c.objc; path = main.m; sourceTree = "<group>"; };
		37E5441D182F3583005AF568 /* PSAutolayoutDemo-Prefix.pch */ = {isa = PBXFileReference; lastKnownFileType = sourcecode.c.h; path = "PSAutolayoutDemo-Prefix.pch"; sourceTree = "<group>"; };
		37E5441E182F3583005AF568 /* PSAppDelegate.h */ = {isa = PBXFileReference; lastKnownFileType = sourcecode.c.h; path = PSAppDelegate.h; sourceTree = "<group>"; };
		37E5441F182F3583005AF568 /* PSAppDelegate.m */ = {isa = PBXFileReference; lastKnownFileType = sourcecode.c.objc; path = PSAppDelegate.m; sourceTree = "<group>"; };
		37E54424182F3583005AF568 /* PSMasterViewController.h */ = {isa = PBXFileReference; lastKnownFileType = sourcecode.c.h; path = PSMasterViewController.h; sourceTree = "<group>"; };
		37E54425182F3583005AF568 /* PSMasterViewController.m */ = {isa = PBXFileReference; lastKnownFileType = sourcecode.c.objc; path = PSMasterViewController.m; sourceTree = "<group>"; };
		37E5442A182F3583005AF568 /* Images.xcassets */ = {isa = PBXFileReference; lastKnownFileType = folder.assetcatalog; path = Images.xcassets; sourceTree = "<group>"; };
		37E54430182F3583005AF568 /* PSAutolayoutDemoTests.xctest */ = {isa = PBXFileReference; explicitFileType = wrapper.cfbundle; includeInIndex = 0; path = PSAutolayoutDemoTests.xctest; sourceTree = BUILT_PRODUCTS_DIR; };
		37E54431182F3583005AF568 /* XCTest.framework */ = {isa = PBXFileReference; lastKnownFileType = wrapper.framework; name = XCTest.framework; path = Library/Frameworks/XCTest.framework; sourceTree = DEVELOPER_DIR; };
		37E54439182F3583005AF568 /* PSAutolayoutDemoTests-Info.plist */ = {isa = PBXFileReference; lastKnownFileType = text.plist.xml; path = "PSAutolayoutDemoTests-Info.plist"; sourceTree = "<group>"; };
		37E5443B182F3583005AF568 /* en */ = {isa = PBXFileReference; lastKnownFileType = text.plist.strings; name = en; path = en.lproj/InfoPlist.strings; sourceTree = "<group>"; };
		37E5443D182F3583005AF568 /* PSAutolayoutDemoTests.m */ = {isa = PBXFileReference; lastKnownFileType = sourcecode.c.objc; path = PSAutolayoutDemoTests.m; sourceTree = "<group>"; };
		37E5444718315B1C005AF568 /* UIView+LayoutAdditions.h */ = {isa = PBXFileReference; fileEncoding = 4; lastKnownFileType = sourcecode.c.h; path = "UIView+LayoutAdditions.h"; sourceTree = "<group>"; };
		37E5444818315B1C005AF568 /* UIView+LayoutAdditions.m */ = {isa = PBXFileReference; fileEncoding = 4; lastKnownFileType = sourcecode.c.objc; path = "UIView+LayoutAdditions.m"; sourceTree = "<group>"; };
		37E5444918315B1C005AF568 /* YMKeyboardLayoutHelperView.h */ = {isa = PBXFileReference; fileEncoding = 4; lastKnownFileType = sourcecode.c.h; path = YMKeyboardLayoutHelperView.h; sourceTree = "<group>"; };
		37E5444A18315B1C005AF568 /* YMKeyboardLayoutHelperView.m */ = {isa = PBXFileReference; fileEncoding = 4; lastKnownFileType = sourcecode.c.objc; path = YMKeyboardLayoutHelperView.m; sourceTree = "<group>"; };
		37E5444D183161E7005AF568 /* PSKeyboardDemoViewController.h */ = {isa = PBXFileReference; fileEncoding = 4; lastKnownFileType = sourcecode.c.h; path = PSKeyboardDemoViewController.h; sourceTree = "<group>"; };
		37E5444E183161E7005AF568 /* PSKeyboardDemoViewController.m */ = {isa = PBXFileReference; fileEncoding = 4; lastKnownFileType = sourcecode.c.objc; path = PSKeyboardDemoViewController.m; sourceTree = "<group>"; };
		37E5449418316E42005AF568 /* PSKeyboardDemoView.h */ = {isa = PBXFileReference; fileEncoding = 4; lastKnownFileType = sourcecode.c.h; path = PSKeyboardDemoView.h; sourceTree = "<group>"; };
		37E5449518316E42005AF568 /* PSKeyboardDemoView.m */ = {isa = PBXFileReference; fileEncoding = 4; lastKnownFileType = sourcecode.c.objc; path = PSKeyboardDemoView.m; sourceTree = "<group>"; };
		A11E0C4B63EC4CCCBD1AC3BB /* Pods.xcconfig */ = {isa = PBXFileReference; includeInIndex = 1; lastKnownFileType = text.xcconfig; name = Pods.xcconfig; path = Pods/Pods.xcconfig; sourceTree = "<group>"; };
/* End PBXFileReference section */

/* Begin PBXFrameworksBuildPhase section */
		37E54409182F3583005AF568 /* Frameworks */ = {
			isa = PBXFrameworksBuildPhase;
			buildActionMask = 2147483647;
			files = (
				37E54412182F3583005AF568 /* CoreGraphics.framework in Frameworks */,
				37E54414182F3583005AF568 /* UIKit.framework in Frameworks */,
				37E54410182F3583005AF568 /* Foundation.framework in Frameworks */,
				59A8DAB211AA4E45BB4E132C /* libPods.a in Frameworks */,
			);
			runOnlyForDeploymentPostprocessing = 0;
		};
		37E5442D182F3583005AF568 /* Frameworks */ = {
			isa = PBXFrameworksBuildPhase;
			buildActionMask = 2147483647;
			files = (
				37E54432182F3583005AF568 /* XCTest.framework in Frameworks */,
				37E54434182F3583005AF568 /* UIKit.framework in Frameworks */,
				37E54433182F3583005AF568 /* Foundation.framework in Frameworks */,
			);
			runOnlyForDeploymentPostprocessing = 0;
		};
/* End PBXFrameworksBuildPhase section */

/* Begin PBXGroup section */
		37E54403182F3583005AF568 = {
			isa = PBXGroup;
			children = (
				37E54415182F3583005AF568 /* PSAutolayoutDemo */,
				37E54437182F3583005AF568 /* PSAutolayoutDemoTests */,
				37E5440E182F3583005AF568 /* Frameworks */,
				37E5440D182F3583005AF568 /* Products */,
				A11E0C4B63EC4CCCBD1AC3BB /* Pods.xcconfig */,
			);
			sourceTree = "<group>";
		};
		37E5440D182F3583005AF568 /* Products */ = {
			isa = PBXGroup;
			children = (
				37E5440C182F3583005AF568 /* PSAutolayoutDemo.app */,
				37E54430182F3583005AF568 /* PSAutolayoutDemoTests.xctest */,
			);
			name = Products;
			sourceTree = "<group>";
		};
		37E5440E182F3583005AF568 /* Frameworks */ = {
			isa = PBXGroup;
			children = (
				37E5440F182F3583005AF568 /* Foundation.framework */,
				37E54411182F3583005AF568 /* CoreGraphics.framework */,
				37E54413182F3583005AF568 /* UIKit.framework */,
				37E54431182F3583005AF568 /* XCTest.framework */,
				24EC1F9272C647AAA0AB7C85 /* libPods.a */,
			);
			name = Frameworks;
			sourceTree = "<group>";
		};
		37E54415182F3583005AF568 /* PSAutolayoutDemo */ = {
			isa = PBXGroup;
			children = (
				37E5449818316E4F005AF568 /* Controllers */,
				37E5449718316E48005AF568 /* Views */,
				37E5444718315B1C005AF568 /* UIView+LayoutAdditions.h */,
				37E5444818315B1C005AF568 /* UIView+LayoutAdditions.m */,
				37E5444918315B1C005AF568 /* YMKeyboardLayoutHelperView.h */,
				37E5444A18315B1C005AF568 /* YMKeyboardLayoutHelperView.m */,
				37E5441E182F3583005AF568 /* PSAppDelegate.h */,
				37E5441F182F3583005AF568 /* PSAppDelegate.m */,
				37E5442A182F3583005AF568 /* Images.xcassets */,
				37E54416182F3583005AF568 /* Supporting Files */,
			);
			path = PSAutolayoutDemo;
			sourceTree = "<group>";
		};
		37E54416182F3583005AF568 /* Supporting Files */ = {
			isa = PBXGroup;
			children = (
				3768738D18344C6800DC0549 /* default_avatar.png */,
				3768738E18344C6800DC0549 /* default_avatar@2x.png */,
				37E54417182F3583005AF568 /* PSAutolayoutDemo-Info.plist */,
				37E54418182F3583005AF568 /* InfoPlist.strings */,
				37E5441B182F3583005AF568 /* main.m */,
				37E5441D182F3583005AF568 /* PSAutolayoutDemo-Prefix.pch */,
			);
			name = "Supporting Files";
			sourceTree = "<group>";
		};
		37E54437182F3583005AF568 /* PSAutolayoutDemoTests */ = {
			isa = PBXGroup;
			children = (
				37E5443D182F3583005AF568 /* PSAutolayoutDemoTests.m */,
				37E54438182F3583005AF568 /* Supporting Files */,
			);
			path = PSAutolayoutDemoTests;
			sourceTree = "<group>";
		};
		37E54438182F3583005AF568 /* Supporting Files */ = {
			isa = PBXGroup;
			children = (
				37E54439182F3583005AF568 /* PSAutolayoutDemoTests-Info.plist */,
				37E5443A182F3583005AF568 /* InfoPlist.strings */,
			);
			name = "Supporting Files";
			sourceTree = "<group>";
		};
		37E5449718316E48005AF568 /* Views */ = {
			isa = PBXGroup;
			children = (
				37E5449418316E42005AF568 /* PSKeyboardDemoView.h */,
				37E5449518316E42005AF568 /* PSKeyboardDemoView.m */,
				3768738A183446DF00DC0549 /* PSAutolayoutMessageCell.h */,
				3768738B183446DF00DC0549 /* PSAutolayoutMessageCell.m */,
			);
			name = Views;
			sourceTree = "<group>";
		};
		37E5449818316E4F005AF568 /* Controllers */ = {
			isa = PBXGroup;
			children = (
				37E5444D183161E7005AF568 /* PSKeyboardDemoViewController.h */,
				37E5444E183161E7005AF568 /* PSKeyboardDemoViewController.m */,
				37E54424182F3583005AF568 /* PSMasterViewController.h */,
				37E54425182F3583005AF568 /* PSMasterViewController.m */,
			);
			name = Controllers;
			sourceTree = "<group>";
		};
/* End PBXGroup section */

/* Begin PBXNativeTarget section */
		37E5440B182F3583005AF568 /* PSAutolayoutDemo */ = {
			isa = PBXNativeTarget;
			buildConfigurationList = 37E54441182F3583005AF568 /* Build configuration list for PBXNativeTarget "PSAutolayoutDemo" */;
			buildPhases = (
				3B5DD6808C7A40CF9DAC4CF9 /* Check Pods Manifest.lock */,
				37E54408182F3583005AF568 /* Sources */,
				37E54409182F3583005AF568 /* Frameworks */,
				37E5440A182F3583005AF568 /* Resources */,
				9C2B23AA2B974E768608B821 /* Copy Pods Resources */,
			);
			buildRules = (
			);
			dependencies = (
			);
			name = PSAutolayoutDemo;
			productName = PSAutolayoutDemo;
			productReference = 37E5440C182F3583005AF568 /* PSAutolayoutDemo.app */;
			productType = "com.apple.product-type.application";
		};
		37E5442F182F3583005AF568 /* PSAutolayoutDemoTests */ = {
			isa = PBXNativeTarget;
			buildConfigurationList = 37E54444182F3583005AF568 /* Build configuration list for PBXNativeTarget "PSAutolayoutDemoTests" */;
			buildPhases = (
				37E5442C182F3583005AF568 /* Sources */,
				37E5442D182F3583005AF568 /* Frameworks */,
				37E5442E182F3583005AF568 /* Resources */,
			);
			buildRules = (
			);
			dependencies = (
				37E54436182F3583005AF568 /* PBXTargetDependency */,
			);
			name = PSAutolayoutDemoTests;
			productName = PSAutolayoutDemoTests;
			productReference = 37E54430182F3583005AF568 /* PSAutolayoutDemoTests.xctest */;
			productType = "com.apple.product-type.bundle.unit-test";
		};
/* End PBXNativeTarget section */

/* Begin PBXProject section */
		37E54404182F3583005AF568 /* Project object */ = {
			isa = PBXProject;
			attributes = {
				CLASSPREFIX = PS;
				LastUpgradeCheck = 0500;
				ORGANIZATIONNAME = Hepting;
				TargetAttributes = {
					37E5442F182F3583005AF568 = {
						TestTargetID = 37E5440B182F3583005AF568;
					};
				};
			};
			buildConfigurationList = 37E54407182F3583005AF568 /* Build configuration list for PBXProject "PSAutolayoutDemo" */;
			compatibilityVersion = "Xcode 3.2";
			developmentRegion = English;
			hasScannedForEncodings = 0;
			knownRegions = (
				en,
				Base,
			);
			mainGroup = 37E54403182F3583005AF568;
			productRefGroup = 37E5440D182F3583005AF568 /* Products */;
			projectDirPath = "";
			projectRoot = "";
			targets = (
				37E5440B182F3583005AF568 /* PSAutolayoutDemo */,
				37E5442F182F3583005AF568 /* PSAutolayoutDemoTests */,
			);
		};
/* End PBXProject section */

/* Begin PBXResourcesBuildPhase section */
		37E5440A182F3583005AF568 /* Resources */ = {
			isa = PBXResourcesBuildPhase;
			buildActionMask = 2147483647;
			files = (
				3768738F18344C6800DC0549 /* default_avatar.png in Resources */,
				37E5442B182F3583005AF568 /* Images.xcassets in Resources */,
				3768739018344C6800DC0549 /* default_avatar@2x.png in Resources */,
				37E5441A182F3583005AF568 /* InfoPlist.strings in Resources */,
			);
			runOnlyForDeploymentPostprocessing = 0;
		};
		37E5442E182F3583005AF568 /* Resources */ = {
			isa = PBXResourcesBuildPhase;
			buildActionMask = 2147483647;
			files = (
				37E5443C182F3583005AF568 /* InfoPlist.strings in Resources */,
			);
			runOnlyForDeploymentPostprocessing = 0;
		};
/* End PBXResourcesBuildPhase section */

/* Begin PBXShellScriptBuildPhase section */
		3B5DD6808C7A40CF9DAC4CF9 /* Check Pods Manifest.lock */ = {
			isa = PBXShellScriptBuildPhase;
			buildActionMask = 2147483647;
			files = (
			);
			inputPaths = (
			);
			name = "Check Pods Manifest.lock";
			outputPaths = (
			);
			runOnlyForDeploymentPostprocessing = 0;
			shellPath = /bin/sh;
			shellScript = "diff \"${PODS_ROOT}/../Podfile.lock\" \"${PODS_ROOT}/Manifest.lock\" > /dev/null\nif [[ $? != 0 ]] ; then\n    cat << EOM\nerror: The sandbox is not in sync with the Podfile.lock. Run 'pod install' or update your CocoaPods installation.\nEOM\n    exit 1\nfi\n";
			showEnvVarsInLog = 0;
		};
		9C2B23AA2B974E768608B821 /* Copy Pods Resources */ = {
			isa = PBXShellScriptBuildPhase;
			buildActionMask = 2147483647;
			files = (
			);
			inputPaths = (
			);
			name = "Copy Pods Resources";
			outputPaths = (
			);
			runOnlyForDeploymentPostprocessing = 0;
			shellPath = /bin/sh;
			shellScript = "\"${SRCROOT}/Pods/Pods-resources.sh\"\n";
			showEnvVarsInLog = 0;
		};
/* End PBXShellScriptBuildPhase section */

/* Begin PBXSourcesBuildPhase section */
		37E54408182F3583005AF568 /* Sources */ = {
			isa = PBXSourcesBuildPhase;
			buildActionMask = 2147483647;
			files = (
				37E5441C182F3583005AF568 /* main.m in Sources */,
				37E54420182F3583005AF568 /* PSAppDelegate.m in Sources */,
				37E5449618316E42005AF568 /* PSKeyboardDemoView.m in Sources */,
				3768738C183446DF00DC0549 /* PSAutolayoutMessageCell.m in Sources */,
				37E5444F183161E8005AF568 /* PSKeyboardDemoViewController.m in Sources */,
				37E54426182F3583005AF568 /* PSMasterViewController.m in Sources */,
				37E5444B18315B1C005AF568 /* UIView+LayoutAdditions.m in Sources */,
				37E5444C18315B1C005AF568 /* YMKeyboardLayoutHelperView.m in Sources */,
			);
			runOnlyForDeploymentPostprocessing = 0;
		};
		37E5442C182F3583005AF568 /* Sources */ = {
			isa = PBXSourcesBuildPhase;
			buildActionMask = 2147483647;
			files = (
				37E5443E182F3583005AF568 /* PSAutolayoutDemoTests.m in Sources */,
			);
			runOnlyForDeploymentPostprocessing = 0;
		};
/* End PBXSourcesBuildPhase section */

/* Begin PBXTargetDependency section */
		37E54436182F3583005AF568 /* PBXTargetDependency */ = {
			isa = PBXTargetDependency;
			target = 37E5440B182F3583005AF568 /* PSAutolayoutDemo */;
			targetProxy = 37E54435182F3583005AF568 /* PBXContainerItemProxy */;
		};
/* End PBXTargetDependency section */

/* Begin PBXVariantGroup section */
		37E54418182F3583005AF568 /* InfoPlist.strings */ = {
			isa = PBXVariantGroup;
			children = (
				37E54419182F3583005AF568 /* en */,
			);
			name = InfoPlist.strings;
			sourceTree = "<group>";
		};
		37E5443A182F3583005AF568 /* InfoPlist.strings */ = {
			isa = PBXVariantGroup;
			children = (
				37E5443B182F3583005AF568 /* en */,
			);
			name = InfoPlist.strings;
			sourceTree = "<group>";
		};
/* End PBXVariantGroup section */

/* Begin XCBuildConfiguration section */
		37E5443F182F3583005AF568 /* Debug */ = {
			isa = XCBuildConfiguration;
			buildSettings = {
				ALWAYS_SEARCH_USER_PATHS = NO;
				ARCHS = "$(ARCHS_STANDARD_INCLUDING_64_BIT)";
				CLANG_CXX_LANGUAGE_STANDARD = "gnu++0x";
				CLANG_CXX_LIBRARY = "libc++";
				CLANG_ENABLE_MODULES = YES;
				CLANG_ENABLE_OBJC_ARC = YES;
				CLANG_WARN_BOOL_CONVERSION = YES;
				CLANG_WARN_CONSTANT_CONVERSION = YES;
				CLANG_WARN_DIRECT_OBJC_ISA_USAGE = YES_ERROR;
				CLANG_WARN_EMPTY_BODY = YES;
				CLANG_WARN_ENUM_CONVERSION = YES;
				CLANG_WARN_INT_CONVERSION = YES;
				CLANG_WARN_OBJC_ROOT_CLASS = YES_ERROR;
				CLANG_WARN__DUPLICATE_METHOD_MATCH = YES;
				"CODE_SIGN_IDENTITY[sdk=iphoneos*]" = "iPhone Developer";
				COPY_PHASE_STRIP = NO;
				GCC_C_LANGUAGE_STANDARD = gnu99;
				GCC_DYNAMIC_NO_PIC = NO;
				GCC_OPTIMIZATION_LEVEL = 0;
				GCC_PREPROCESSOR_DEFINITIONS = (
					"DEBUG=1",
					"$(inherited)",
				);
				GCC_SYMBOLS_PRIVATE_EXTERN = NO;
				GCC_WARN_64_TO_32_BIT_CONVERSION = YES;
				GCC_WARN_ABOUT_RETURN_TYPE = YES_ERROR;
				GCC_WARN_UNDECLARED_SELECTOR = YES;
				GCC_WARN_UNINITIALIZED_AUTOS = YES;
				GCC_WARN_UNUSED_FUNCTION = YES;
				GCC_WARN_UNUSED_VARIABLE = YES;
				IPHONEOS_DEPLOYMENT_TARGET = 7.0;
				ONLY_ACTIVE_ARCH = YES;
				SDKROOT = iphoneos;
			};
			name = Debug;
		};
		37E54440182F3583005AF568 /* Release */ = {
			isa = XCBuildConfiguration;
			buildSettings = {
				ALWAYS_SEARCH_USER_PATHS = NO;
				ARCHS = "$(ARCHS_STANDARD_INCLUDING_64_BIT)";
				CLANG_CXX_LANGUAGE_STANDARD = "gnu++0x";
				CLANG_CXX_LIBRARY = "libc++";
				CLANG_ENABLE_MODULES = YES;
				CLANG_ENABLE_OBJC_ARC = YES;
				CLANG_WARN_BOOL_CONVERSION = YES;
				CLANG_WARN_CONSTANT_CONVERSION = YES;
				CLANG_WARN_DIRECT_OBJC_ISA_USAGE = YES_ERROR;
				CLANG_WARN_EMPTY_BODY = YES;
				CLANG_WARN_ENUM_CONVERSION = YES;
				CLANG_WARN_INT_CONVERSION = YES;
				CLANG_WARN_OBJC_ROOT_CLASS = YES_ERROR;
				CLANG_WARN__DUPLICATE_METHOD_MATCH = YES;
				"CODE_SIGN_IDENTITY[sdk=iphoneos*]" = "iPhone Developer";
				COPY_PHASE_STRIP = YES;
				ENABLE_NS_ASSERTIONS = NO;
				GCC_C_LANGUAGE_STANDARD = gnu99;
				GCC_WARN_64_TO_32_BIT_CONVERSION = YES;
				GCC_WARN_ABOUT_RETURN_TYPE = YES_ERROR;
				GCC_WARN_UNDECLARED_SELECTOR = YES;
				GCC_WARN_UNINITIALIZED_AUTOS = YES;
				GCC_WARN_UNUSED_FUNCTION = YES;
				GCC_WARN_UNUSED_VARIABLE = YES;
				IPHONEOS_DEPLOYMENT_TARGET = 7.0;
				SDKROOT = iphoneos;
				VALIDATE_PRODUCT = YES;
			};
			name = Release;
		};
		37E54442182F3583005AF568 /* Debug */ = {
			isa = XCBuildConfiguration;
			baseConfigurationReference = A11E0C4B63EC4CCCBD1AC3BB /* Pods.xcconfig */;
			buildSettings = {
				ASSETCATALOG_COMPILER_APPICON_NAME = AppIcon;
				ASSETCATALOG_COMPILER_LAUNCHIMAGE_NAME = LaunchImage;
				GCC_PRECOMPILE_PREFIX_HEADER = YES;
				GCC_PREFIX_HEADER = "PSAutolayoutDemo/PSAutolayoutDemo-Prefix.pch";
				INFOPLIST_FILE = "PSAutolayoutDemo/PSAutolayoutDemo-Info.plist";
				PRODUCT_NAME = "$(TARGET_NAME)";
				WRAPPER_EXTENSION = app;
			};
			name = Debug;
		};
		37E54443182F3583005AF568 /* Release */ = {
			isa = XCBuildConfiguration;
			baseConfigurationReference = A11E0C4B63EC4CCCBD1AC3BB /* Pods.xcconfig */;
			buildSettings = {
				ASSETCATALOG_COMPILER_APPICON_NAME = AppIcon;
				ASSETCATALOG_COMPILER_LAUNCHIMAGE_NAME = LaunchImage;
				GCC_PRECOMPILE_PREFIX_HEADER = YES;
				GCC_PREFIX_HEADER = "PSAutolayoutDemo/PSAutolayoutDemo-Prefix.pch";
				INFOPLIST_FILE = "PSAutolayoutDemo/PSAutolayoutDemo-Info.plist";
				PRODUCT_NAME = "$(TARGET_NAME)";
				WRAPPER_EXTENSION = app;
			};
			name = Release;
		};
		37E54445182F3583005AF568 /* Debug */ = {
			isa = XCBuildConfiguration;
			buildSettings = {
				ARCHS = "$(ARCHS_STANDARD_INCLUDING_64_BIT)";
				BUNDLE_LOADER = "$(BUILT_PRODUCTS_DIR)/PSAutolayoutDemo.app/PSAutolayoutDemo";
				FRAMEWORK_SEARCH_PATHS = (
					"$(SDKROOT)/Developer/Library/Frameworks",
					"$(inherited)",
					"$(DEVELOPER_FRAMEWORKS_DIR)",
				);
				GCC_PRECOMPILE_PREFIX_HEADER = YES;
				GCC_PREFIX_HEADER = "PSAutolayoutDemo/PSAutolayoutDemo-Prefix.pch";
				GCC_PREPROCESSOR_DEFINITIONS = (
					"DEBUG=1",
					"$(inherited)",
				);
				INFOPLIST_FILE = "PSAutolayoutDemoTests/PSAutolayoutDemoTests-Info.plist";
				PRODUCT_NAME = "$(TARGET_NAME)";
				TEST_HOST = "$(BUNDLE_LOADER)";
				WRAPPER_EXTENSION = xctest;
			};
			name = Debug;
		};
		37E54446182F3583005AF568 /* Release */ = {
			isa = XCBuildConfiguration;
			buildSettings = {
				ARCHS = "$(ARCHS_STANDARD_INCLUDING_64_BIT)";
				BUNDLE_LOADER = "$(BUILT_PRODUCTS_DIR)/PSAutolayoutDemo.app/PSAutolayoutDemo";
				FRAMEWORK_SEARCH_PATHS = (
					"$(SDKROOT)/Developer/Library/Frameworks",
					"$(inherited)",
					"$(DEVELOPER_FRAMEWORKS_DIR)",
				);
				GCC_PRECOMPILE_PREFIX_HEADER = YES;
				GCC_PREFIX_HEADER = "PSAutolayoutDemo/PSAutolayoutDemo-Prefix.pch";
				INFOPLIST_FILE = "PSAutolayoutDemoTests/PSAutolayoutDemoTests-Info.plist";
				PRODUCT_NAME = "$(TARGET_NAME)";
				TEST_HOST = "$(BUNDLE_LOADER)";
				WRAPPER_EXTENSION = xctest;
			};
			name = Release;
		};
/* End XCBuildConfiguration section */

/* Begin XCConfigurationList section */
		37E54407182F3583005AF568 /* Build configuration list for PBXProject "PSAutolayoutDemo" */ = {
			isa = XCConfigurationList;
			buildConfigurations = (
				37E5443F182F3583005AF568 /* Debug */,
				37E54440182F3583005AF568 /* Release */,
			);
			defaultConfigurationIsVisible = 0;
			defaultConfigurationName = Release;
		};
		37E54441182F3583005AF568 /* Build configuration list for PBXNativeTarget "PSAutolayoutDemo" */ = {
			isa = XCConfigurationList;
			buildConfigurations = (
				37E54442182F3583005AF568 /* Debug */,
				37E54443182F3583005AF568 /* Release */,
			);
			defaultConfigurationIsVisible = 0;
			defaultConfigurationName = Release;
		};
		37E54444182F3583005AF568 /* Build configuration list for PBXNativeTarget "PSAutolayoutDemoTests" */ = {
			isa = XCConfigurationList;
			buildConfigurations = (
				37E54445182F3583005AF568 /* Debug */,
				37E54446182F3583005AF568 /* Release */,
			);
			defaultConfigurationIsVisible = 0;
			defaultConfigurationName = Release;
		};
/* End XCConfigurationList section */
	};
	rootObject = 37E54404182F3583005AF568 /* Project object */;
}
